// !$*UTF8*$!
{
	archiveVersion = 1;
	classes = {
	};
	objectVersion = 46;
	objects = {

/* Begin PBXBuildFile section */
		83405A98137F23930060CAD4 /* Cocoa.framework in Frameworks */ = {isa = PBXBuildFile; fileRef = 83405A97137F23930060CAD4 /* Cocoa.framework */; };
		83405AA2137F23930060CAD4 /* InfoPlist.strings in Resources */ = {isa = PBXBuildFile; fileRef = 83405AA0137F23930060CAD4 /* InfoPlist.strings */; };
		83405AA5137F23930060CAD4 /* main.m in Sources */ = {isa = PBXBuildFile; fileRef = 83405AA4137F23930060CAD4 /* main.m */; };
		83405AA8137F23930060CAD4 /* Credits.rtf in Resources */ = {isa = PBXBuildFile; fileRef = 83405AA6137F23930060CAD4 /* Credits.rtf */; };
		83405AAB137F23930060CAD4 /* MtGOSXAppDelegate.m in Sources */ = {isa = PBXBuildFile; fileRef = 83405AAA137F23930060CAD4 /* MtGOSXAppDelegate.m */; };
		83405AAE137F23930060CAD4 /* MainMenu.xib in Resources */ = {isa = PBXBuildFile; fileRef = 83405AAC137F23930060CAD4 /* MainMenu.xib */; };
		83405AD0137F25620060CAD4 /* NSObject+JSON.m in Sources */ = {isa = PBXBuildFile; fileRef = 83405ABF137F25620060CAD4 /* NSObject+JSON.m */; };
		83405AD1137F25620060CAD4 /* SBJsonParser.m in Sources */ = {isa = PBXBuildFile; fileRef = 83405AC1137F25620060CAD4 /* SBJsonParser.m */; };
		83405AD2137F25620060CAD4 /* SBJsonStreamParser.m in Sources */ = {isa = PBXBuildFile; fileRef = 83405AC3137F25620060CAD4 /* SBJsonStreamParser.m */; };
		83405AD3137F25620060CAD4 /* SBJsonStreamParserAdapter.m in Sources */ = {isa = PBXBuildFile; fileRef = 83405AC5137F25620060CAD4 /* SBJsonStreamParserAdapter.m */; };
		83405AD4137F25620060CAD4 /* SBJsonStreamParserState.m in Sources */ = {isa = PBXBuildFile; fileRef = 83405AC7137F25620060CAD4 /* SBJsonStreamParserState.m */; };
		83405AD5137F25620060CAD4 /* SBJsonStreamWriter.m in Sources */ = {isa = PBXBuildFile; fileRef = 83405AC9137F25620060CAD4 /* SBJsonStreamWriter.m */; };
		83405AD6137F25620060CAD4 /* SBJsonStreamWriterState.m in Sources */ = {isa = PBXBuildFile; fileRef = 83405ACB137F25620060CAD4 /* SBJsonStreamWriterState.m */; };
		83405AD7137F25620060CAD4 /* SBJsonTokeniser.m in Sources */ = {isa = PBXBuildFile; fileRef = 83405ACD137F25620060CAD4 /* SBJsonTokeniser.m */; };
		83405AD8137F25620060CAD4 /* SBJsonWriter.m in Sources */ = {isa = PBXBuildFile; fileRef = 83405ACF137F25620060CAD4 /* SBJsonWriter.m */; };
		83405AE1137F25950060CAD4 /* Ticker.m in Sources */ = {isa = PBXBuildFile; fileRef = 83405ADB137F25950060CAD4 /* Ticker.m */; };
		83405AE2137F25950060CAD4 /* BitcoinMarket.m in Sources */ = {isa = PBXBuildFile; fileRef = 83405ADE137F25950060CAD4 /* BitcoinMarket.m */; };
		83405AE3137F25950060CAD4 /* MtGoxMarket.m in Sources */ = {isa = PBXBuildFile; fileRef = 83405AE0137F25950060CAD4 /* MtGoxMarket.m */; };
		83405AE6137F25B70060CAD4 /* Trade.m in Sources */ = {isa = PBXBuildFile; fileRef = 83405AE5137F25B70060CAD4 /* Trade.m */; };
		83405AEB137F25DC0060CAD4 /* RequestHandler.m in Sources */ = {isa = PBXBuildFile; fileRef = 83405AEA137F25DC0060CAD4 /* RequestHandler.m */; };
		83405AF1137F25FC0060CAD4 /* TaggedNSURLConnection.m in Sources */ = {isa = PBXBuildFile; fileRef = 83405AEE137F25FC0060CAD4 /* TaggedNSURLConnection.m */; };
		83405AF2137F25FC0060CAD4 /* NSMutableDictionary+IntegerKeys.m in Sources */ = {isa = PBXBuildFile; fileRef = 83405AF0137F25FC0060CAD4 /* NSMutableDictionary+IntegerKeys.m */; };
		83405AF8137F2D290060CAD4 /* bitcoin.png in Resources */ = {isa = PBXBuildFile; fileRef = 83405AF7137F2D290060CAD4 /* bitcoin.png */; };
/* End PBXBuildFile section */

/* Begin PBXFileReference section */
		83405A93137F23930060CAD4 /* MtGOSX.app */ = {isa = PBXFileReference; explicitFileType = wrapper.application; includeInIndex = 0; path = MtGOSX.app; sourceTree = BUILT_PRODUCTS_DIR; };
		83405A97137F23930060CAD4 /* Cocoa.framework */ = {isa = PBXFileReference; lastKnownFileType = wrapper.framework; name = Cocoa.framework; path = System/Library/Frameworks/Cocoa.framework; sourceTree = SDKROOT; };
		83405A9A137F23930060CAD4 /* AppKit.framework */ = {isa = PBXFileReference; lastKnownFileType = wrapper.framework; name = AppKit.framework; path = System/Library/Frameworks/AppKit.framework; sourceTree = SDKROOT; };
		83405A9B137F23930060CAD4 /* CoreData.framework */ = {isa = PBXFileReference; lastKnownFileType = wrapper.framework; name = CoreData.framework; path = System/Library/Frameworks/CoreData.framework; sourceTree = SDKROOT; };
		83405A9C137F23930060CAD4 /* Foundation.framework */ = {isa = PBXFileReference; lastKnownFileType = wrapper.framework; name = Foundation.framework; path = System/Library/Frameworks/Foundation.framework; sourceTree = SDKROOT; };
		83405A9F137F23930060CAD4 /* MtGOSX-Info.plist */ = {isa = PBXFileReference; lastKnownFileType = text.plist.xml; path = "MtGOSX-Info.plist"; sourceTree = "<group>"; };
		83405AA1137F23930060CAD4 /* en */ = {isa = PBXFileReference; lastKnownFileType = text.plist.strings; name = en; path = en.lproj/InfoPlist.strings; sourceTree = "<group>"; };
		83405AA3137F23930060CAD4 /* MtGOSX-Prefix.pch */ = {isa = PBXFileReference; lastKnownFileType = sourcecode.c.h; path = "MtGOSX-Prefix.pch"; sourceTree = "<group>"; };
		83405AA4137F23930060CAD4 /* main.m */ = {isa = PBXFileReference; lastKnownFileType = sourcecode.c.objc; path = main.m; sourceTree = "<group>"; };
		83405AA7137F23930060CAD4 /* en */ = {isa = PBXFileReference; lastKnownFileType = text.rtf; name = en; path = en.lproj/Credits.rtf; sourceTree = "<group>"; };
		83405AA9137F23930060CAD4 /* MtGOSXAppDelegate.h */ = {isa = PBXFileReference; lastKnownFileType = sourcecode.c.h; path = MtGOSXAppDelegate.h; sourceTree = "<group>"; };
		83405AAA137F23930060CAD4 /* MtGOSXAppDelegate.m */ = {isa = PBXFileReference; lastKnownFileType = sourcecode.c.objc; path = MtGOSXAppDelegate.m; sourceTree = "<group>"; };
		83405AAD137F23930060CAD4 /* en */ = {isa = PBXFileReference; lastKnownFileType = file.xib; name = en; path = en.lproj/MainMenu.xib; sourceTree = "<group>"; };
		83405ABD137F25620060CAD4 /* JSON.h */ = {isa = PBXFileReference; fileEncoding = 4; lastKnownFileType = sourcecode.c.h; path = JSON.h; sourceTree = "<group>"; };
		83405ABE137F25620060CAD4 /* NSObject+JSON.h */ = {isa = PBXFileReference; fileEncoding = 4; lastKnownFileType = sourcecode.c.h; path = "NSObject+JSON.h"; sourceTree = "<group>"; };
		83405ABF137F25620060CAD4 /* NSObject+JSON.m */ = {isa = PBXFileReference; fileEncoding = 4; lastKnownFileType = sourcecode.c.objc; path = "NSObject+JSON.m"; sourceTree = "<group>"; };
		83405AC0137F25620060CAD4 /* SBJsonParser.h */ = {isa = PBXFileReference; fileEncoding = 4; lastKnownFileType = sourcecode.c.h; path = SBJsonParser.h; sourceTree = "<group>"; };
		83405AC1137F25620060CAD4 /* SBJsonParser.m */ = {isa = PBXFileReference; fileEncoding = 4; lastKnownFileType = sourcecode.c.objc; path = SBJsonParser.m; sourceTree = "<group>"; };
		83405AC2137F25620060CAD4 /* SBJsonStreamParser.h */ = {isa = PBXFileReference; fileEncoding = 4; lastKnownFileType = sourcecode.c.h; path = SBJsonStreamParser.h; sourceTree = "<group>"; };
		83405AC3137F25620060CAD4 /* SBJsonStreamParser.m */ = {isa = PBXFileReference; fileEncoding = 4; lastKnownFileType = sourcecode.c.objc; path = SBJsonStreamParser.m; sourceTree = "<group>"; };
		83405AC4137F25620060CAD4 /* SBJsonStreamParserAdapter.h */ = {isa = PBXFileReference; fileEncoding = 4; lastKnownFileType = sourcecode.c.h; path = SBJsonStreamParserAdapter.h; sourceTree = "<group>"; };
		83405AC5137F25620060CAD4 /* SBJsonStreamParserAdapter.m */ = {isa = PBXFileReference; fileEncoding = 4; lastKnownFileType = sourcecode.c.objc; path = SBJsonStreamParserAdapter.m; sourceTree = "<group>"; };
		83405AC6137F25620060CAD4 /* SBJsonStreamParserState.h */ = {isa = PBXFileReference; fileEncoding = 4; lastKnownFileType = sourcecode.c.h; path = SBJsonStreamParserState.h; sourceTree = "<group>"; };
		83405AC7137F25620060CAD4 /* SBJsonStreamParserState.m */ = {isa = PBXFileReference; fileEncoding = 4; lastKnownFileType = sourcecode.c.objc; path = SBJsonStreamParserState.m; sourceTree = "<group>"; };
		83405AC8137F25620060CAD4 /* SBJsonStreamWriter.h */ = {isa = PBXFileReference; fileEncoding = 4; lastKnownFileType = sourcecode.c.h; path = SBJsonStreamWriter.h; sourceTree = "<group>"; };
		83405AC9137F25620060CAD4 /* SBJsonStreamWriter.m */ = {isa = PBXFileReference; fileEncoding = 4; lastKnownFileType = sourcecode.c.objc; path = SBJsonStreamWriter.m; sourceTree = "<group>"; };
		83405ACA137F25620060CAD4 /* SBJsonStreamWriterState.h */ = {isa = PBXFileReference; fileEncoding = 4; lastKnownFileType = sourcecode.c.h; path = SBJsonStreamWriterState.h; sourceTree = "<group>"; };
		83405ACB137F25620060CAD4 /* SBJsonStreamWriterState.m */ = {isa = PBXFileReference; fileEncoding = 4; lastKnownFileType = sourcecode.c.objc; path = SBJsonStreamWriterState.m; sourceTree = "<group>"; };
		83405ACC137F25620060CAD4 /* SBJsonTokeniser.h */ = {isa = PBXFileReference; fileEncoding = 4; lastKnownFileType = sourcecode.c.h; path = SBJsonTokeniser.h; sourceTree = "<group>"; };
		83405ACD137F25620060CAD4 /* SBJsonTokeniser.m */ = {isa = PBXFileReference; fileEncoding = 4; lastKnownFileType = sourcecode.c.objc; path = SBJsonTokeniser.m; sourceTree = "<group>"; };
		83405ACE137F25620060CAD4 /* SBJsonWriter.h */ = {isa = PBXFileReference; fileEncoding = 4; lastKnownFileType = sourcecode.c.h; path = SBJsonWriter.h; sourceTree = "<group>"; };
		83405ACF137F25620060CAD4 /* SBJsonWriter.m */ = {isa = PBXFileReference; fileEncoding = 4; lastKnownFileType = sourcecode.c.objc; path = SBJsonWriter.m; sourceTree = "<group>"; };
		83405ADA137F25950060CAD4 /* Ticker.h */ = {isa = PBXFileReference; fileEncoding = 4; lastKnownFileType = sourcecode.c.h; path = Ticker.h; sourceTree = "<group>"; };
		83405ADB137F25950060CAD4 /* Ticker.m */ = {isa = PBXFileReference; fileEncoding = 4; lastKnownFileType = sourcecode.c.objc; path = Ticker.m; sourceTree = "<group>"; };
		83405ADC137F25950060CAD4 /* BitcoinMarketDelegate.h */ = {isa = PBXFileReference; fileEncoding = 4; lastKnownFileType = sourcecode.c.h; path = BitcoinMarketDelegate.h; sourceTree = "<group>"; };
		83405ADD137F25950060CAD4 /* BitcoinMarket.h */ = {isa = PBXFileReference; fileEncoding = 4; lastKnownFileType = sourcecode.c.h; path = BitcoinMarket.h; sourceTree = "<group>"; };
		83405ADE137F25950060CAD4 /* BitcoinMarket.m */ = {isa = PBXFileReference; fileEncoding = 4; lastKnownFileType = sourcecode.c.objc; path = BitcoinMarket.m; sourceTree = "<group>"; };
		83405ADF137F25950060CAD4 /* MtGoxMarket.h */ = {isa = PBXFileReference; fileEncoding = 4; lastKnownFileType = sourcecode.c.h; path = MtGoxMarket.h; sourceTree = "<group>"; };
		83405AE0137F25950060CAD4 /* MtGoxMarket.m */ = {isa = PBXFileReference; fileEncoding = 4; lastKnownFileType = sourcecode.c.objc; path = MtGoxMarket.m; sourceTree = "<group>"; };
		83405AE4137F25B70060CAD4 /* Trade.h */ = {isa = PBXFileReference; fileEncoding = 4; lastKnownFileType = sourcecode.c.h; path = Trade.h; sourceTree = "<group>"; };
		83405AE5137F25B70060CAD4 /* Trade.m */ = {isa = PBXFileReference; fileEncoding = 4; lastKnownFileType = sourcecode.c.objc; path = Trade.m; sourceTree = "<group>"; };
		83405AE8137F25DC0060CAD4 /* RequestHandlerDelegate.h */ = {isa = PBXFileReference; fileEncoding = 4; lastKnownFileType = sourcecode.c.h; path = RequestHandlerDelegate.h; sourceTree = "<group>"; };
		83405AE9137F25DC0060CAD4 /* RequestHandler.h */ = {isa = PBXFileReference; fileEncoding = 4; lastKnownFileType = sourcecode.c.h; path = RequestHandler.h; sourceTree = "<group>"; };
		83405AEA137F25DC0060CAD4 /* RequestHandler.m */ = {isa = PBXFileReference; fileEncoding = 4; lastKnownFileType = sourcecode.c.objc; path = RequestHandler.m; sourceTree = "<group>"; };
		83405AED137F25FC0060CAD4 /* TaggedNSURLConnection.h */ = {isa = PBXFileReference; fileEncoding = 4; lastKnownFileType = sourcecode.c.h; path = TaggedNSURLConnection.h; sourceTree = "<group>"; };
		83405AEE137F25FC0060CAD4 /* TaggedNSURLConnection.m */ = {isa = PBXFileReference; fileEncoding = 4; lastKnownFileType = sourcecode.c.objc; path = TaggedNSURLConnection.m; sourceTree = "<group>"; };
		83405AEF137F25FC0060CAD4 /* NSMutableDictionary+IntegerKeys.h */ = {isa = PBXFileReference; fileEncoding = 4; lastKnownFileType = sourcecode.c.h; path = "NSMutableDictionary+IntegerKeys.h"; sourceTree = "<group>"; };
		83405AF0137F25FC0060CAD4 /* NSMutableDictionary+IntegerKeys.m */ = {isa = PBXFileReference; fileEncoding = 4; lastKnownFileType = sourcecode.c.objc; path = "NSMutableDictionary+IntegerKeys.m"; sourceTree = "<group>"; };
		83405AF7137F2D290060CAD4 /* bitcoin.png */ = {isa = PBXFileReference; lastKnownFileType = image.png; path = bitcoin.png; sourceTree = "<group>"; };
/* End PBXFileReference section */

/* Begin PBXFrameworksBuildPhase section */
		83405A90137F23930060CAD4 /* Frameworks */ = {
			isa = PBXFrameworksBuildPhase;
			buildActionMask = 2147483647;
			files = (
				83405A98137F23930060CAD4 /* Cocoa.framework in Frameworks */,
			);
			runOnlyForDeploymentPostprocessing = 0;
		};
/* End PBXFrameworksBuildPhase section */

/* Begin PBXGroup section */
		83405A88137F23930060CAD4 = {
			isa = PBXGroup;
			children = (
				83405A9D137F23930060CAD4 /* MtGOSX */,
				83405A96137F23930060CAD4 /* Frameworks */,
				83405A94137F23930060CAD4 /* Products */,
			);
			sourceTree = "<group>";
		};
		83405A94137F23930060CAD4 /* Products */ = {
			isa = PBXGroup;
			children = (
				83405A93137F23930060CAD4 /* MtGOSX.app */,
			);
			name = Products;
			sourceTree = "<group>";
		};
		83405A96137F23930060CAD4 /* Frameworks */ = {
			isa = PBXGroup;
			children = (
				83405A97137F23930060CAD4 /* Cocoa.framework */,
				83405A99137F23930060CAD4 /* Other Frameworks */,
			);
			name = Frameworks;
			sourceTree = "<group>";
		};
		83405A99137F23930060CAD4 /* Other Frameworks */ = {
			isa = PBXGroup;
			children = (
				83405A9A137F23930060CAD4 /* AppKit.framework */,
				83405A9B137F23930060CAD4 /* CoreData.framework */,
				83405A9C137F23930060CAD4 /* Foundation.framework */,
			);
			name = "Other Frameworks";
			sourceTree = "<group>";
		};
		83405A9D137F23930060CAD4 /* MtGOSX */ = {
			isa = PBXGroup;
			children = (
				83405AA9137F23930060CAD4 /* MtGOSXAppDelegate.h */,
				83405AAA137F23930060CAD4 /* MtGOSXAppDelegate.m */,
				83405AAC137F23930060CAD4 /* MainMenu.xib */,
				83405AEC137F25F40060CAD4 /* Additions */,
				83405AE7137F25CF0060CAD4 /* Utilities */,
				83405AD9137F258B0060CAD4 /* Models */,
				83405ABC137F25620060CAD4 /* JSON */,
				83405A9E137F23930060CAD4 /* Supporting Files */,
			);
			path = MtGOSX;
			sourceTree = "<group>";
		};
		83405A9E137F23930060CAD4 /* Supporting Files */ = {
			isa = PBXGroup;
			children = (
				83405AF7137F2D290060CAD4 /* bitcoin.png */,
				83405A9F137F23930060CAD4 /* MtGOSX-Info.plist */,
				83405AA0137F23930060CAD4 /* InfoPlist.strings */,
				83405AA3137F23930060CAD4 /* MtGOSX-Prefix.pch */,
				83405AA4137F23930060CAD4 /* main.m */,
				83405AA6137F23930060CAD4 /* Credits.rtf */,
			);
			name = "Supporting Files";
			sourceTree = "<group>";
		};
		83405ABC137F25620060CAD4 /* JSON */ = {
			isa = PBXGroup;
			children = (
				83405ABD137F25620060CAD4 /* JSON.h */,
				83405ABE137F25620060CAD4 /* NSObject+JSON.h */,
				83405ABF137F25620060CAD4 /* NSObject+JSON.m */,
				83405AC0137F25620060CAD4 /* SBJsonParser.h */,
				83405AC1137F25620060CAD4 /* SBJsonParser.m */,
				83405AC2137F25620060CAD4 /* SBJsonStreamParser.h */,
				83405AC3137F25620060CAD4 /* SBJsonStreamParser.m */,
				83405AC4137F25620060CAD4 /* SBJsonStreamParserAdapter.h */,
				83405AC5137F25620060CAD4 /* SBJsonStreamParserAdapter.m */,
				83405AC6137F25620060CAD4 /* SBJsonStreamParserState.h */,
				83405AC7137F25620060CAD4 /* SBJsonStreamParserState.m */,
				83405AC8137F25620060CAD4 /* SBJsonStreamWriter.h */,
				83405AC9137F25620060CAD4 /* SBJsonStreamWriter.m */,
				83405ACA137F25620060CAD4 /* SBJsonStreamWriterState.h */,
				83405ACB137F25620060CAD4 /* SBJsonStreamWriterState.m */,
				83405ACC137F25620060CAD4 /* SBJsonTokeniser.h */,
				83405ACD137F25620060CAD4 /* SBJsonTokeniser.m */,
				83405ACE137F25620060CAD4 /* SBJsonWriter.h */,
				83405ACF137F25620060CAD4 /* SBJsonWriter.m */,
			);
			name = JSON;
			path = Classes;
			sourceTree = "<group>";
		};
		83405AD9137F258B0060CAD4 /* Models */ = {
			isa = PBXGroup;
			children = (
				83405AE4137F25B70060CAD4 /* Trade.h */,
				83405AE5137F25B70060CAD4 /* Trade.m */,
				83405ADA137F25950060CAD4 /* Ticker.h */,
				83405ADB137F25950060CAD4 /* Ticker.m */,
				83405ADC137F25950060CAD4 /* BitcoinMarketDelegate.h */,
				83405ADD137F25950060CAD4 /* BitcoinMarket.h */,
				83405ADE137F25950060CAD4 /* BitcoinMarket.m */,
				83405ADF137F25950060CAD4 /* MtGoxMarket.h */,
				83405AE0137F25950060CAD4 /* MtGoxMarket.m */,
			);
			name = Models;
			sourceTree = "<group>";
		};
		83405AE7137F25CF0060CAD4 /* Utilities */ = {
			isa = PBXGroup;
			children = (
				83405AE8137F25DC0060CAD4 /* RequestHandlerDelegate.h */,
				83405AE9137F25DC0060CAD4 /* RequestHandler.h */,
				83405AEA137F25DC0060CAD4 /* RequestHandler.m */,
			);
			name = Utilities;
			sourceTree = "<group>";
		};
		83405AEC137F25F40060CAD4 /* Additions */ = {
			isa = PBXGroup;
			children = (
				83405AED137F25FC0060CAD4 /* TaggedNSURLConnection.h */,
				83405AEE137F25FC0060CAD4 /* TaggedNSURLConnection.m */,
				83405AEF137F25FC0060CAD4 /* NSMutableDictionary+IntegerKeys.h */,
				83405AF0137F25FC0060CAD4 /* NSMutableDictionary+IntegerKeys.m */,
			);
			name = Additions;
			sourceTree = "<group>";
		};
/* End PBXGroup section */

/* Begin PBXNativeTarget section */
		83405A92137F23930060CAD4 /* MtGOSX */ = {
			isa = PBXNativeTarget;
			buildConfigurationList = 83405AB1137F23930060CAD4 /* Build configuration list for PBXNativeTarget "MtGOSX" */;
			buildPhases = (
				83405A8F137F23930060CAD4 /* Sources */,
				83405A90137F23930060CAD4 /* Frameworks */,
				83405A91137F23930060CAD4 /* Resources */,
			);
			buildRules = (
			);
			dependencies = (
			);
			name = MtGOSX;
			productName = MtGOSX;
			productReference = 83405A93137F23930060CAD4 /* MtGOSX.app */;
			productType = "com.apple.product-type.application";
		};
/* End PBXNativeTarget section */

/* Begin PBXProject section */
		83405A8A137F23930060CAD4 /* Project object */ = {
			isa = PBXProject;
			attributes = {
				ORGANIZATIONNAME = "Insomnia Addict";
			};
			buildConfigurationList = 83405A8D137F23930060CAD4 /* Build configuration list for PBXProject "MtGOSX" */;
			compatibilityVersion = "Xcode 3.2";
			developmentRegion = English;
			hasScannedForEncodings = 0;
			knownRegions = (
				en,
			);
			mainGroup = 83405A88137F23930060CAD4;
			productRefGroup = 83405A94137F23930060CAD4 /* Products */;
			projectDirPath = "";
			projectRoot = "";
			targets = (
				83405A92137F23930060CAD4 /* MtGOSX */,
			);
		};
/* End PBXProject section */

/* Begin PBXResourcesBuildPhase section */
		83405A91137F23930060CAD4 /* Resources */ = {
			isa = PBXResourcesBuildPhase;
			buildActionMask = 2147483647;
			files = (
				83405AA2137F23930060CAD4 /* InfoPlist.strings in Resources */,
				83405AA8137F23930060CAD4 /* Credits.rtf in Resources */,
				83405AAE137F23930060CAD4 /* MainMenu.xib in Resources */,
				83405AF8137F2D290060CAD4 /* bitcoin.png in Resources */,
			);
			runOnlyForDeploymentPostprocessing = 0;
		};
/* End PBXResourcesBuildPhase section */

/* Begin PBXSourcesBuildPhase section */
		83405A8F137F23930060CAD4 /* Sources */ = {
			isa = PBXSourcesBuildPhase;
			buildActionMask = 2147483647;
			files = (
				83405AA5137F23930060CAD4 /* main.m in Sources */,
				83405AAB137F23930060CAD4 /* MtGOSXAppDelegate.m in Sources */,
				83405AD0137F25620060CAD4 /* NSObject+JSON.m in Sources */,
				83405AD1137F25620060CAD4 /* SBJsonParser.m in Sources */,
				83405AD2137F25620060CAD4 /* SBJsonStreamParser.m in Sources */,
				83405AD3137F25620060CAD4 /* SBJsonStreamParserAdapter.m in Sources */,
				83405AD4137F25620060CAD4 /* SBJsonStreamParserState.m in Sources */,
				83405AD5137F25620060CAD4 /* SBJsonStreamWriter.m in Sources */,
				83405AD6137F25620060CAD4 /* SBJsonStreamWriterState.m in Sources */,
				83405AD7137F25620060CAD4 /* SBJsonTokeniser.m in Sources */,
				83405AD8137F25620060CAD4 /* SBJsonWriter.m in Sources */,
				83405AE1137F25950060CAD4 /* Ticker.m in Sources */,
				83405AE2137F25950060CAD4 /* BitcoinMarket.m in Sources */,
				83405AE3137F25950060CAD4 /* MtGoxMarket.m in Sources */,
				83405AE6137F25B70060CAD4 /* Trade.m in Sources */,
				83405AEB137F25DC0060CAD4 /* RequestHandler.m in Sources */,
				83405AF1137F25FC0060CAD4 /* TaggedNSURLConnection.m in Sources */,
				83405AF2137F25FC0060CAD4 /* NSMutableDictionary+IntegerKeys.m in Sources */,
			);
			runOnlyForDeploymentPostprocessing = 0;
		};
/* End PBXSourcesBuildPhase section */

/* Begin PBXVariantGroup section */
		83405AA0137F23930060CAD4 /* InfoPlist.strings */ = {
			isa = PBXVariantGroup;
			children = (
				83405AA1137F23930060CAD4 /* en */,
			);
			name = InfoPlist.strings;
			sourceTree = "<group>";
		};
		83405AA6137F23930060CAD4 /* Credits.rtf */ = {
			isa = PBXVariantGroup;
			children = (
				83405AA7137F23930060CAD4 /* en */,
			);
			name = Credits.rtf;
			sourceTree = "<group>";
		};
		83405AAC137F23930060CAD4 /* MainMenu.xib */ = {
			isa = PBXVariantGroup;
			children = (
				83405AAD137F23930060CAD4 /* en */,
			);
			name = MainMenu.xib;
			sourceTree = "<group>";
		};
/* End PBXVariantGroup section */

/* Begin XCBuildConfiguration section */
		83405AAF137F23930060CAD4 /* Debug */ = {
			isa = XCBuildConfiguration;
			buildSettings = {
				ARCHS = "$(ARCHS_STANDARD_32_64_BIT)";
				GCC_C_LANGUAGE_STANDARD = gnu99;
				GCC_OPTIMIZATION_LEVEL = 0;
				GCC_PREPROCESSOR_DEFINITIONS = DEBUG;
				GCC_SYMBOLS_PRIVATE_EXTERN = NO;
				GCC_VERSION = com.apple.compilers.llvm.clang.1_0;
				GCC_WARN_64_TO_32_BIT_CONVERSION = YES;
				GCC_WARN_ABOUT_RETURN_TYPE = YES;
				GCC_WARN_UNUSED_VARIABLE = YES;
				MACOSX_DEPLOYMENT_TARGET = 10.6;
				ONLY_ACTIVE_ARCH = YES;
				SDKROOT = macosx;
			};
			name = Debug;
		};
		83405AB0137F23930060CAD4 /* Release */ = {
			isa = XCBuildConfiguration;
			buildSettings = {
				ARCHS = "$(ARCHS_STANDARD_32_64_BIT)";
				GCC_C_LANGUAGE_STANDARD = gnu99;
				GCC_VERSION = com.apple.compilers.llvm.clang.1_0;
				GCC_WARN_64_TO_32_BIT_CONVERSION = YES;
				GCC_WARN_ABOUT_RETURN_TYPE = YES;
				GCC_WARN_UNUSED_VARIABLE = YES;
				MACOSX_DEPLOYMENT_TARGET = 10.6;
				SDKROOT = macosx;
			};
			name = Release;
		};
		83405AB2137F23930060CAD4 /* Debug */ = {
			isa = XCBuildConfiguration;
			buildSettings = {
				ALWAYS_SEARCH_USER_PATHS = NO;
				COPY_PHASE_STRIP = NO;
				GCC_DYNAMIC_NO_PIC = NO;
				GCC_ENABLE_OBJC_EXCEPTIONS = YES;
				GCC_PRECOMPILE_PREFIX_HEADER = YES;
				GCC_PREFIX_HEADER = "MtGOSX/MtGOSX-Prefix.pch";
				INFOPLIST_FILE = "MtGOSX/MtGOSX-Info.plist";
				PRODUCT_NAME = "$(TARGET_NAME)";
				WRAPPER_EXTENSION = app;
			};
			name = Debug;
		};
		83405AB3137F23930060CAD4 /* Release */ = {
			isa = XCBuildConfiguration;
			buildSettings = {
				ALWAYS_SEARCH_USER_PATHS = NO;
				COPY_PHASE_STRIP = YES;
				DEBUG_INFORMATION_FORMAT = "dwarf-with-dsym";
				GCC_ENABLE_OBJC_EXCEPTIONS = YES;
				GCC_PRECOMPILE_PREFIX_HEADER = YES;
				GCC_PREFIX_HEADER = "MtGOSX/MtGOSX-Prefix.pch";
				INFOPLIST_FILE = "MtGOSX/MtGOSX-Info.plist";
				PRODUCT_NAME = "$(TARGET_NAME)";
				WRAPPER_EXTENSION = app;
			};
			name = Release;
		};
/* End XCBuildConfiguration section */

/* Begin XCConfigurationList section */
		83405A8D137F23930060CAD4 /* Build configuration list for PBXProject "MtGOSX" */ = {
			isa = XCConfigurationList;
			buildConfigurations = (
				83405AAF137F23930060CAD4 /* Debug */,
				83405AB0137F23930060CAD4 /* Release */,
			);
			defaultConfigurationIsVisible = 0;
			defaultConfigurationName = Release;
		};
		83405AB1137F23930060CAD4 /* Build configuration list for PBXNativeTarget "MtGOSX" */ = {
			isa = XCConfigurationList;
			buildConfigurations = (
				83405AB2137F23930060CAD4 /* Debug */,
				83405AB3137F23930060CAD4 /* Release */,
			);
			defaultConfigurationIsVisible = 0;
			defaultConfigurationName = Release;
		};
/* End XCConfigurationList section */
	};
	rootObject = 83405A8A137F23930060CAD4 /* Project object */;
}
